
Microsoft Visual Studio Solution File, Format Version 12.00
# Visual Studio Version 17
VisualStudioVersion = 17.2.32602.215
MinimumVisualStudioVersion = 10.0.40219.1
Project("{FAE04EC0-301F-11D3-BF4B-00C04F79EFBC}") = "DaprActors", "DaprActors\DaprActors.csproj", "{A72BD369-3FD4-4D16-8513-204626E8554D}"
EndProject
Global
	GlobalSection(SolutionConfigurationPlatforms) = preSolution
		Debug|Any CPU = Debug|Any CPU
		Release|Any CPU = Release|Any CPU
	EndGlobalSection
	GlobalSection(ProjectConfigurationPlatforms) = postSolution
		{A72BD369-3FD4-4D16-8513-204626E8554D}.Debug|Any CPU.ActiveCfg = Debug|Any CPU
		{A72BD369-3FD4-4D16-8513-204626E8554D}.Debug|Any CPU.Build.0 = Debug|Any CPU
		{A72BD369-3FD4-4D16-8513-204626E8554D}.Release|Any CPU.ActiveCfg = Release|Any CPU
		{A72BD369-3FD4-4D16-8513-204626E8554D}.Release|Any CPU.Build.0 = Release|Any CPU
	EndGlobalSection
	GlobalSection(SolutionProperties) = preSolution
		HideSolutionNode = FALSE
	EndGlobalSection
	GlobalSection(ExtensibilityGlobals) = postSolution
		SolutionGuid = {DBDDC705-BD27-4950-ADD2-AB6730F76C0B}
	EndGlobalSection
EndGlobal
